
Microsoft Visual Studio Solution File, Format Version 12.00
# Visual Studio Version 17
VisualStudioVersion = 17.2.32616.157
MinimumVisualStudioVersion = 10.0.40219.1
Project("{9A19103F-16F7-4668-BE54-9A1E7A4F7556}") = "advent-of-code-2022", "AdventOfCode2022\advent-of-code-2022.csproj", "{34646692-9E25-42E2-8D26-0E2930A95959}"
EndProject
Global
	GlobalSection(SolutionConfigurationPlatforms) = preSolution
		Debug|Any CPU = Debug|Any CPU
		Release|Any CPU = Release|Any CPU
	EndGlobalSection
	GlobalSection(ProjectConfigurationPlatforms) = postSolution
		{34646692-9E25-42E2-8D26-0E2930A95959}.Debug|Any CPU.ActiveCfg = Debug|Any CPU
		{34646692-9E25-42E2-8D26-0E2930A95959}.Debug|Any CPU.Build.0 = Debug|Any CPU
		{34646692-9E25-42E2-8D26-0E2930A95959}.Release|Any CPU.ActiveCfg = Release|Any CPU
		{34646692-9E25-42E2-8D26-0E2930A95959}.Release|Any CPU.Build.0 = Release|Any CPU
	EndGlobalSection
	GlobalSection(SolutionProperties) = preSolution
		HideSolutionNode = FALSE
	EndGlobalSection
	GlobalSection(ExtensibilityGlobals) = postSolution
		SolutionGuid = {8861E65C-38B6-42BD-84D9-52E04683EDFE}
	EndGlobalSection
EndGlobal
